
Microsoft Visual Studio Solution File, Format Version 12.00
# Visual Studio Express 2012 for Windows Desktop
Project("{F184B08F-C81C-45F6-A57F-5ABD9991F28F}") = "Calculator", "Calculator\Calculator.vbproj", "{CFA19E8F-6196-463A-93BE-F07181CA644A}"
EndProject
Global
	GlobalSection(SolutionConfigurationPlatforms) = preSolution
		Debug|Any CPU = Debug|Any CPU
		Release|Any CPU = Release|Any CPU
	EndGlobalSection
	GlobalSection(ProjectConfigurationPlatforms) = postSolution
		{CFA19E8F-6196-463A-93BE-F07181CA644A}.Debug|Any CPU.ActiveCfg = Debug|Any CPU
		{CFA19E8F-6196-463A-93BE-F07181CA644A}.Debug|Any CPU.Build.0 = Debug|Any CPU
		{CFA19E8F-6196-463A-93BE-F07181CA644A}.Release|Any CPU.ActiveCfg = Release|Any CPU
		{CFA19E8F-6196-463A-93BE-F07181CA644A}.Release|Any CPU.Build.0 = Release|Any CPU
	EndGlobalSection
	GlobalSection(SolutionProperties) = preSolution
		HideSolutionNode = FALSE
	EndGlobalSection
EndGlobal
