
Microsoft Visual Studio Solution File, Format Version 12.00
# Visual Studio Express 2012 for Windows Desktop
Project("{F184B08F-C81C-45F6-A57F-5ABD9991F28F}") = "Message_Box", "Message_Box\Message_Box.vbproj", "{6AAFEC15-814C-4BBC-817C-7DA4ADEDDAFB}"
EndProject
Global
	GlobalSection(SolutionConfigurationPlatforms) = preSolution
		Debug|Any CPU = Debug|Any CPU
		Release|Any CPU = Release|Any CPU
	EndGlobalSection
	GlobalSection(ProjectConfigurationPlatforms) = postSolution
		{6AAFEC15-814C-4BBC-817C-7DA4ADEDDAFB}.Debug|Any CPU.ActiveCfg = Debug|Any CPU
		{6AAFEC15-814C-4BBC-817C-7DA4ADEDDAFB}.Debug|Any CPU.Build.0 = Debug|Any CPU
		{6AAFEC15-814C-4BBC-817C-7DA4ADEDDAFB}.Release|Any CPU.ActiveCfg = Release|Any CPU
		{6AAFEC15-814C-4BBC-817C-7DA4ADEDDAFB}.Release|Any CPU.Build.0 = Release|Any CPU
	EndGlobalSection
	GlobalSection(SolutionProperties) = preSolution
		HideSolutionNode = FALSE
	EndGlobalSection
EndGlobal
